{
  "name": "lubricentro",
  "version": "1.0.0",
  "lockfileVersion": 3,
  "requires": true,
  "packages": {
    "": {
      "name": "lubricentro",
      "version": "1.0.0",
      "license": "ISC",
      "dependencies": {
        "accessibility": "^4.5.7"
      }
    },
    "node_modules/accessibility": {
      "version": "4.5.7",
      "resolved": "https://registry.npmjs.org/accessibility/-/accessibility-4.5.7.tgz",
      "integrity": "sha512-aXZY9sLQuVaGxeu8KYiFVXLsjvu+a/52njVCyoI8wuwRTwd4b1mrl2nkzNFEP4S08DqKy2Fzm52stZXWBDH9+g=="
    }
  }
}
